
Microsoft Visual Studio Solution File, Format Version 12.00
# Visual Studio Version 17
VisualStudioVersion = 17.4.33205.214
MinimumVisualStudioVersion = 10.0.40219.1
Project("{FAE04EC0-301F-11D3-BF4B-00C04F79EFBC}") = "WebApplication4", "WebApplication4\WebApplication4.csproj", "{52FBDC76-E918-4C5B-9C7A-AB87EC3EFA08}"
EndProject
Global
	GlobalSection(SolutionConfigurationPlatforms) = preSolution
		Debug|Any CPU = Debug|Any CPU
		Release|Any CPU = Release|Any CPU
	EndGlobalSection
	GlobalSection(ProjectConfigurationPlatforms) = postSolution
		{52FBDC76-E918-4C5B-9C7A-AB87EC3EFA08}.Debug|Any CPU.ActiveCfg = Debug|Any CPU
		{52FBDC76-E918-4C5B-9C7A-AB87EC3EFA08}.Debug|Any CPU.Build.0 = Debug|Any CPU
		{52FBDC76-E918-4C5B-9C7A-AB87EC3EFA08}.Release|Any CPU.ActiveCfg = Release|Any CPU
		{52FBDC76-E918-4C5B-9C7A-AB87EC3EFA08}.Release|Any CPU.Build.0 = Release|Any CPU
	EndGlobalSection
	GlobalSection(SolutionProperties) = preSolution
		HideSolutionNode = FALSE
	EndGlobalSection
	GlobalSection(ExtensibilityGlobals) = postSolution
		SolutionGuid = {0E680A5E-55D4-4165-9260-56B17D6349C7}
	EndGlobalSection
EndGlobal
